
Microsoft Visual Studio Solution File, Format Version 12.00
# Visual Studio Version 17
VisualStudioVersion = 17.14.36119.2 d17.14
MinimumVisualStudioVersion = 10.0.40219.1
Project("{FAE04EC0-301F-11D3-BF4B-00C04F79EFBC}") = "PizzaAppProj", "PizzaAppProj\PizzaAppProj.csproj", "{091CCC35-331C-4BF2-BC03-0D6AF4C30629}"
EndProject
Global
	GlobalSection(SolutionConfigurationPlatforms) = preSolution
		Debug|Any CPU = Debug|Any CPU
		Release|Any CPU = Release|Any CPU
	EndGlobalSection
	GlobalSection(ProjectConfigurationPlatforms) = postSolution
		{091CCC35-331C-4BF2-BC03-0D6AF4C30629}.Debug|Any CPU.ActiveCfg = Debug|Any CPU
		{091CCC35-331C-4BF2-BC03-0D6AF4C30629}.Debug|Any CPU.Build.0 = Debug|Any CPU
		{091CCC35-331C-4BF2-BC03-0D6AF4C30629}.Release|Any CPU.ActiveCfg = Release|Any CPU
		{091CCC35-331C-4BF2-BC03-0D6AF4C30629}.Release|Any CPU.Build.0 = Release|Any CPU
	EndGlobalSection
	GlobalSection(SolutionProperties) = preSolution
		HideSolutionNode = FALSE
	EndGlobalSection
	GlobalSection(ExtensibilityGlobals) = postSolution
		SolutionGuid = {BB25AA13-A0B6-455F-915E-5BCB1CB1540A}
	EndGlobalSection
EndGlobal
